{
  "name": "scratchtool",
  "version": "1.1.0",
  "lockfileVersion": 3,
  "requires": true,
  "packages": {
    "": {
      "name": "scratchtool",
      "version": "1.1.0",
      "license": "MIT",
      "dependencies": {
        "scratchtool": "^1.0.8"
      },
      "devDependencies": {
        "@types/cheerio": "^0.22.35",
        "@types/ws": "^8.18.1"
      }
    },
    "node_modules/@types/cheerio": {
      "version": "0.22.35",
      "resolved": "https://registry.npmjs.org/@types/cheerio/-/cheerio-0.22.35.tgz",
      "integrity": "sha512-yD57BchKRvTV+JD53UZ6PD8KWY5g5rvvMLRnZR3EQBCZXiDT/HR+pKpMzFGlWNhFrXlo7VPZXtKvIEwZkAWOIA==",
      "dev": true,
      "license": "MIT",
      "dependencies": {
        "@types/node": "*"
      }
    },
    "node_modules/@types/node": {
      "version": "24.10.0",
      "resolved": "https://registry.npmjs.org/@types/node/-/node-24.10.0.tgz",
      "integrity": "sha512-qzQZRBqkFsYyaSWXuEHc2WR9c0a0CXwiE5FWUvn7ZM+vdy1uZLfCunD38UzhuB7YN/J11ndbDBcTmOdxJo9Q7A==",
      "dev": true,
      "license": "MIT",
      "dependencies": {
        "undici-types": "~7.16.0"
      }
    },
    "node_modules/@types/ws": {
      "version": "8.18.1",
      "resolved": "https://registry.npmjs.org/@types/ws/-/ws-8.18.1.tgz",
      "integrity": "sha512-ThVF6DCVhA8kUGy+aazFQ4kXQ7E1Ty7A3ypFOe0IcJV8O/M511G99AW24irKrW56Wt44yG9+ij8FaqoBGkuBXg==",
      "dev": true,
      "license": "MIT",
      "dependencies": {
        "@types/node": "*"
      }
    },
    "node_modules/scratchtool": {
      "version": "1.1.0",
      "resolved": "https://registry.npmjs.org/scratchtool/-/scratchtool-1.1.0.tgz",
      "integrity": "sha512-0TuZFTO4HdY2uyCog/gz6kxQTwXpOr5SdRFbZa+g06BbwGXTfxDbUo5I0WC5BE87YsWWaAKqzS5M7RqE4hRRgg==",
      "license": "MIT",
      "dependencies": {
        "scratchtool": "^1.0.8"
      }
    },
    "node_modules/undici-types": {
      "version": "7.16.0",
      "resolved": "https://registry.npmjs.org/undici-types/-/undici-types-7.16.0.tgz",
      "integrity": "sha512-Zz+aZWSj8LE6zoxD+xrjh4VfkIG8Ya6LvYkZqtUQGJPZjYl53ypCaUwWqo7eI0x66KBGeRo+mlBEkMSeSZ38Nw==",
      "dev": true,
      "license": "MIT"
    }
  }
}
